
Microsoft Visual Studio Solution File, Format Version 12.00
# Visual Studio Version 17
VisualStudioVersion = 17.12.35527.113
MinimumVisualStudioVersion = 10.0.40219.1
Project("{FAE04EC0-301F-11D3-BF4B-00C04F79EFBC}") = "StarWarsExplorer", "StarWarsExplorer\StarWarsExplorer.csproj", "{46693B9C-3524-442A-BDE2-F5933793CC8E}"
EndProject
Global
	GlobalSection(SolutionConfigurationPlatforms) = preSolution
		Debug|Any CPU = Debug|Any CPU
		Release|Any CPU = Release|Any CPU
	EndGlobalSection
	GlobalSection(ProjectConfigurationPlatforms) = postSolution
		{46693B9C-3524-442A-BDE2-F5933793CC8E}.Debug|Any CPU.ActiveCfg = Debug|Any CPU
		{46693B9C-3524-442A-BDE2-F5933793CC8E}.Debug|Any CPU.Build.0 = Debug|Any CPU
		{46693B9C-3524-442A-BDE2-F5933793CC8E}.Release|Any CPU.ActiveCfg = Release|Any CPU
		{46693B9C-3524-442A-BDE2-F5933793CC8E}.Release|Any CPU.Build.0 = Release|Any CPU
	EndGlobalSection
	GlobalSection(SolutionProperties) = preSolution
		HideSolutionNode = FALSE
	EndGlobalSection
EndGlobal
